
Microsoft Visual Studio Solution File, Format Version 12.00
# Visual Studio Version 16
VisualStudioVersion = 16.0.31424.327
MinimumVisualStudioVersion = 10.0.40219.1
Project("{9A19103F-16F7-4668-BE54-9A1E7A4F7556}") = "1.Stealer", "1.Stealer\1.Stealer.csproj", "{254672F4-FA7F-4195-B0DF-6D795B94C29B}"
EndProject
Project("{9A19103F-16F7-4668-BE54-9A1E7A4F7556}") = "2.High_Quality_Mistakes", "2.High_Quality_Mistakes\2.High_Quality_Mistakes.csproj", "{9B22CF03-7A1A-4976-8F22-CDDCB1E7263D}"
EndProject
Project("{9A19103F-16F7-4668-BE54-9A1E7A4F7556}") = "3.Mission_Private_Impossible", "3.Mission_Private_Impossible\3.Mission_Private_Impossible.csproj", "{3269940D-9A07-4C67-8062-1A81A0DDB699}"
EndProject
Project("{9A19103F-16F7-4668-BE54-9A1E7A4F7556}") = "4.Collector", "4.Collector\4.Collector.csproj", "{003D38F6-4D0E-43A9-B76F-B39750171444}"
EndProject
Project("{9A19103F-16F7-4668-BE54-9A1E7A4F7556}") = "5.Create_Attribute", "5.Create_Attribute\5.Create_Attribute.csproj", "{64A1C525-6C32-4EE9-A953-1A305D7BAA00}"
EndProject
Project("{9A19103F-16F7-4668-BE54-9A1E7A4F7556}") = "6.Code_Tracker", "6.Code_Tracker\6.Code_Tracker.csproj", "{6E4473AF-4A2D-40EA-A983-959D1789DE61}"
EndProject
Global
	GlobalSection(SolutionConfigurationPlatforms) = preSolution
		Debug|Any CPU = Debug|Any CPU
		Release|Any CPU = Release|Any CPU
	EndGlobalSection
	GlobalSection(ProjectConfigurationPlatforms) = postSolution
		{254672F4-FA7F-4195-B0DF-6D795B94C29B}.Debug|Any CPU.ActiveCfg = Debug|Any CPU
		{254672F4-FA7F-4195-B0DF-6D795B94C29B}.Debug|Any CPU.Build.0 = Debug|Any CPU
		{254672F4-FA7F-4195-B0DF-6D795B94C29B}.Release|Any CPU.ActiveCfg = Release|Any CPU
		{254672F4-FA7F-4195-B0DF-6D795B94C29B}.Release|Any CPU.Build.0 = Release|Any CPU
		{9B22CF03-7A1A-4976-8F22-CDDCB1E7263D}.Debug|Any CPU.ActiveCfg = Debug|Any CPU
		{9B22CF03-7A1A-4976-8F22-CDDCB1E7263D}.Debug|Any CPU.Build.0 = Debug|Any CPU
		{9B22CF03-7A1A-4976-8F22-CDDCB1E7263D}.Release|Any CPU.ActiveCfg = Release|Any CPU
		{9B22CF03-7A1A-4976-8F22-CDDCB1E7263D}.Release|Any CPU.Build.0 = Release|Any CPU
		{3269940D-9A07-4C67-8062-1A81A0DDB699}.Debug|Any CPU.ActiveCfg = Debug|Any CPU
		{3269940D-9A07-4C67-8062-1A81A0DDB699}.Debug|Any CPU.Build.0 = Debug|Any CPU
		{3269940D-9A07-4C67-8062-1A81A0DDB699}.Release|Any CPU.ActiveCfg = Release|Any CPU
		{3269940D-9A07-4C67-8062-1A81A0DDB699}.Release|Any CPU.Build.0 = Release|Any CPU
		{003D38F6-4D0E-43A9-B76F-B39750171444}.Debug|Any CPU.ActiveCfg = Debug|Any CPU
		{003D38F6-4D0E-43A9-B76F-B39750171444}.Debug|Any CPU.Build.0 = Debug|Any CPU
		{003D38F6-4D0E-43A9-B76F-B39750171444}.Release|Any CPU.ActiveCfg = Release|Any CPU
		{003D38F6-4D0E-43A9-B76F-B39750171444}.Release|Any CPU.Build.0 = Release|Any CPU
		{64A1C525-6C32-4EE9-A953-1A305D7BAA00}.Debug|Any CPU.ActiveCfg = Debug|Any CPU
		{64A1C525-6C32-4EE9-A953-1A305D7BAA00}.Debug|Any CPU.Build.0 = Debug|Any CPU
		{64A1C525-6C32-4EE9-A953-1A305D7BAA00}.Release|Any CPU.ActiveCfg = Release|Any CPU
		{64A1C525-6C32-4EE9-A953-1A305D7BAA00}.Release|Any CPU.Build.0 = Release|Any CPU
		{6E4473AF-4A2D-40EA-A983-959D1789DE61}.Debug|Any CPU.ActiveCfg = Debug|Any CPU
		{6E4473AF-4A2D-40EA-A983-959D1789DE61}.Debug|Any CPU.Build.0 = Debug|Any CPU
		{6E4473AF-4A2D-40EA-A983-959D1789DE61}.Release|Any CPU.ActiveCfg = Release|Any CPU
		{6E4473AF-4A2D-40EA-A983-959D1789DE61}.Release|Any CPU.Build.0 = Release|Any CPU
	EndGlobalSection
	GlobalSection(SolutionProperties) = preSolution
		HideSolutionNode = FALSE
	EndGlobalSection
	GlobalSection(ExtensibilityGlobals) = postSolution
		SolutionGuid = {AF35AA73-AF49-4E6B-AEBB-E186F321F145}
	EndGlobalSection
EndGlobal
