
Microsoft Visual Studio Solution File, Format Version 12.00
# Visual Studio Version 16
VisualStudioVersion = 16.0.31005.135
MinimumVisualStudioVersion = 10.0.40219.1
Project("{9A19103F-16F7-4668-BE54-9A1E7A4F7556}") = "1.Person", "1.Person\1.Person.csproj", "{7BBD24E1-64E0-4674-927B-57BC28DB9314}"
EndProject
Project("{9A19103F-16F7-4668-BE54-9A1E7A4F7556}") = "2.Zoo", "2.Zoo\2.Zoo.csproj", "{B1E4B678-19F6-491D-8469-F0A95B505403}"
EndProject
Project("{9A19103F-16F7-4668-BE54-9A1E7A4F7556}") = "3.Players_And_Monsters", "3.Players_And_Monsters\3.Players_And_Monsters.csproj", "{0F87F995-D925-44C0-BF45-3B1B0EF90F67}"
EndProject
Project("{9A19103F-16F7-4668-BE54-9A1E7A4F7556}") = "4.Need_For_Speed", "4.Need_For_Speed\4.Need_For_Speed.csproj", "{55BF1903-6CB5-4A8D-BCBD-A48327903513}"
EndProject
Project("{9A19103F-16F7-4668-BE54-9A1E7A4F7556}") = "5.Restaurant", "5.Restaurant\5.Restaurant.csproj", "{5937EFD6-EB90-4A14-B263-ACE525FE5841}"
EndProject
Project("{9A19103F-16F7-4668-BE54-9A1E7A4F7556}") = "06.Animals", "06.Animals\06.Animals.csproj", "{5379AC5C-47B4-4F54-ACED-3721D0A00FF8}"
EndProject
Global
	GlobalSection(SolutionConfigurationPlatforms) = preSolution
		Debug|Any CPU = Debug|Any CPU
		Release|Any CPU = Release|Any CPU
	EndGlobalSection
	GlobalSection(ProjectConfigurationPlatforms) = postSolution
		{7BBD24E1-64E0-4674-927B-57BC28DB9314}.Debug|Any CPU.ActiveCfg = Debug|Any CPU
		{7BBD24E1-64E0-4674-927B-57BC28DB9314}.Debug|Any CPU.Build.0 = Debug|Any CPU
		{7BBD24E1-64E0-4674-927B-57BC28DB9314}.Release|Any CPU.ActiveCfg = Release|Any CPU
		{7BBD24E1-64E0-4674-927B-57BC28DB9314}.Release|Any CPU.Build.0 = Release|Any CPU
		{B1E4B678-19F6-491D-8469-F0A95B505403}.Debug|Any CPU.ActiveCfg = Debug|Any CPU
		{B1E4B678-19F6-491D-8469-F0A95B505403}.Debug|Any CPU.Build.0 = Debug|Any CPU
		{B1E4B678-19F6-491D-8469-F0A95B505403}.Release|Any CPU.ActiveCfg = Release|Any CPU
		{B1E4B678-19F6-491D-8469-F0A95B505403}.Release|Any CPU.Build.0 = Release|Any CPU
		{0F87F995-D925-44C0-BF45-3B1B0EF90F67}.Debug|Any CPU.ActiveCfg = Debug|Any CPU
		{0F87F995-D925-44C0-BF45-3B1B0EF90F67}.Debug|Any CPU.Build.0 = Debug|Any CPU
		{0F87F995-D925-44C0-BF45-3B1B0EF90F67}.Release|Any CPU.ActiveCfg = Release|Any CPU
		{0F87F995-D925-44C0-BF45-3B1B0EF90F67}.Release|Any CPU.Build.0 = Release|Any CPU
		{55BF1903-6CB5-4A8D-BCBD-A48327903513}.Debug|Any CPU.ActiveCfg = Debug|Any CPU
		{55BF1903-6CB5-4A8D-BCBD-A48327903513}.Debug|Any CPU.Build.0 = Debug|Any CPU
		{55BF1903-6CB5-4A8D-BCBD-A48327903513}.Release|Any CPU.ActiveCfg = Release|Any CPU
		{55BF1903-6CB5-4A8D-BCBD-A48327903513}.Release|Any CPU.Build.0 = Release|Any CPU
		{5937EFD6-EB90-4A14-B263-ACE525FE5841}.Debug|Any CPU.ActiveCfg = Debug|Any CPU
		{5937EFD6-EB90-4A14-B263-ACE525FE5841}.Debug|Any CPU.Build.0 = Debug|Any CPU
		{5937EFD6-EB90-4A14-B263-ACE525FE5841}.Release|Any CPU.ActiveCfg = Release|Any CPU
		{5937EFD6-EB90-4A14-B263-ACE525FE5841}.Release|Any CPU.Build.0 = Release|Any CPU
		{5379AC5C-47B4-4F54-ACED-3721D0A00FF8}.Debug|Any CPU.ActiveCfg = Debug|Any CPU
		{5379AC5C-47B4-4F54-ACED-3721D0A00FF8}.Debug|Any CPU.Build.0 = Debug|Any CPU
		{5379AC5C-47B4-4F54-ACED-3721D0A00FF8}.Release|Any CPU.ActiveCfg = Release|Any CPU
		{5379AC5C-47B4-4F54-ACED-3721D0A00FF8}.Release|Any CPU.Build.0 = Release|Any CPU
	EndGlobalSection
	GlobalSection(SolutionProperties) = preSolution
		HideSolutionNode = FALSE
	EndGlobalSection
	GlobalSection(ExtensibilityGlobals) = postSolution
		SolutionGuid = {A75AD4F5-DC54-48AE-9CC5-484F3224C3DF}
	EndGlobalSection
EndGlobal
