
Microsoft Visual Studio Solution File, Format Version 12.00
# Visual Studio Version 16
VisualStudioVersion = 16.0.33423.256
MinimumVisualStudioVersion = 10.0.40219.1
Project("{FAE04EC0-301F-11D3-BF4B-00C04F79EFBC}") = "01.BoxOfT", "01.BoxOfT\01.BoxOfT.csproj", "{8E7EDB1C-7F2E-4067-9C6C-C94714D067C0}"
EndProject
Project("{FAE04EC0-301F-11D3-BF4B-00C04F79EFBC}") = "02.GenericArrayCreator", "02.GenericArrayCreator\02.GenericArrayCreator.csproj", "{AD6FD7F5-BC1C-4223-93E5-1EF4789BC64D}"
EndProject
Project("{FAE04EC0-301F-11D3-BF4B-00C04F79EFBC}") = "03.GenericScale", "03.GenericScale\03.GenericScale.csproj", "{D1EB16D6-5250-48CE-A2F7-02C290FC92BB}"
EndProject
Global
	GlobalSection(SolutionConfigurationPlatforms) = preSolution
		Debug|Any CPU = Debug|Any CPU
		Release|Any CPU = Release|Any CPU
	EndGlobalSection
	GlobalSection(ProjectConfigurationPlatforms) = postSolution
		{8E7EDB1C-7F2E-4067-9C6C-C94714D067C0}.Debug|Any CPU.ActiveCfg = Debug|Any CPU
		{8E7EDB1C-7F2E-4067-9C6C-C94714D067C0}.Debug|Any CPU.Build.0 = Debug|Any CPU
		{8E7EDB1C-7F2E-4067-9C6C-C94714D067C0}.Release|Any CPU.ActiveCfg = Release|Any CPU
		{8E7EDB1C-7F2E-4067-9C6C-C94714D067C0}.Release|Any CPU.Build.0 = Release|Any CPU
		{AD6FD7F5-BC1C-4223-93E5-1EF4789BC64D}.Debug|Any CPU.ActiveCfg = Debug|Any CPU
		{AD6FD7F5-BC1C-4223-93E5-1EF4789BC64D}.Debug|Any CPU.Build.0 = Debug|Any CPU
		{AD6FD7F5-BC1C-4223-93E5-1EF4789BC64D}.Release|Any CPU.ActiveCfg = Release|Any CPU
		{AD6FD7F5-BC1C-4223-93E5-1EF4789BC64D}.Release|Any CPU.Build.0 = Release|Any CPU
		{D1EB16D6-5250-48CE-A2F7-02C290FC92BB}.Debug|Any CPU.ActiveCfg = Debug|Any CPU
		{D1EB16D6-5250-48CE-A2F7-02C290FC92BB}.Debug|Any CPU.Build.0 = Debug|Any CPU
		{D1EB16D6-5250-48CE-A2F7-02C290FC92BB}.Release|Any CPU.ActiveCfg = Release|Any CPU
		{D1EB16D6-5250-48CE-A2F7-02C290FC92BB}.Release|Any CPU.Build.0 = Release|Any CPU
	EndGlobalSection
	GlobalSection(SolutionProperties) = preSolution
		HideSolutionNode = FALSE
	EndGlobalSection
	GlobalSection(ExtensibilityGlobals) = postSolution
		SolutionGuid = {8937F258-5F78-411B-B459-B9852F336D70}
	EndGlobalSection
EndGlobal
