
Microsoft Visual Studio Solution File, Format Version 12.00
# Visual Studio Version 16
VisualStudioVersion = 16.0.31424.327
MinimumVisualStudioVersion = 10.0.40219.1
Project("{FAE04EC0-301F-11D3-BF4B-00C04F79EFBC}") = "1.MathOperation", "1.MathOperation\1.MathOperation.csproj", "{39F766EC-67EE-4073-881E-31F63B77518A}"
EndProject
Project("{FAE04EC0-301F-11D3-BF4B-00C04F79EFBC}") = "2.Animals", "2.Animals\2.Animals.csproj", "{FB92E4E3-D178-4ADB-9453-F965D1031B00}"
EndProject
Project("{FAE04EC0-301F-11D3-BF4B-00C04F79EFBC}") = "3.Shapes", "3.Shapes\3.Shapes.csproj", "{8B64B4A3-B2B9-4E40-B0AC-A0148A645E3B}"
EndProject
Global
	GlobalSection(SolutionConfigurationPlatforms) = preSolution
		Debug|Any CPU = Debug|Any CPU
		Release|Any CPU = Release|Any CPU
	EndGlobalSection
	GlobalSection(ProjectConfigurationPlatforms) = postSolution
		{39F766EC-67EE-4073-881E-31F63B77518A}.Debug|Any CPU.ActiveCfg = Debug|Any CPU
		{39F766EC-67EE-4073-881E-31F63B77518A}.Debug|Any CPU.Build.0 = Debug|Any CPU
		{39F766EC-67EE-4073-881E-31F63B77518A}.Release|Any CPU.ActiveCfg = Release|Any CPU
		{39F766EC-67EE-4073-881E-31F63B77518A}.Release|Any CPU.Build.0 = Release|Any CPU
		{FB92E4E3-D178-4ADB-9453-F965D1031B00}.Debug|Any CPU.ActiveCfg = Debug|Any CPU
		{FB92E4E3-D178-4ADB-9453-F965D1031B00}.Debug|Any CPU.Build.0 = Debug|Any CPU
		{FB92E4E3-D178-4ADB-9453-F965D1031B00}.Release|Any CPU.ActiveCfg = Release|Any CPU
		{FB92E4E3-D178-4ADB-9453-F965D1031B00}.Release|Any CPU.Build.0 = Release|Any CPU
		{8B64B4A3-B2B9-4E40-B0AC-A0148A645E3B}.Debug|Any CPU.ActiveCfg = Debug|Any CPU
		{8B64B4A3-B2B9-4E40-B0AC-A0148A645E3B}.Debug|Any CPU.Build.0 = Debug|Any CPU
		{8B64B4A3-B2B9-4E40-B0AC-A0148A645E3B}.Release|Any CPU.ActiveCfg = Release|Any CPU
		{8B64B4A3-B2B9-4E40-B0AC-A0148A645E3B}.Release|Any CPU.Build.0 = Release|Any CPU
	EndGlobalSection
	GlobalSection(SolutionProperties) = preSolution
		HideSolutionNode = FALSE
	EndGlobalSection
	GlobalSection(ExtensibilityGlobals) = postSolution
		SolutionGuid = {E957B028-F3BF-4063-805E-FFD09E66ABC3}
	EndGlobalSection
EndGlobal
