
Microsoft Visual Studio Solution File, Format Version 12.00
# Visual Studio Version 16
VisualStudioVersion = 16.0.31424.327
MinimumVisualStudioVersion = 10.0.40219.1
Project("{FAE04EC0-301F-11D3-BF4B-00C04F79EFBC}") = "EfCoreDemo", "EfCoreDemo\EfCoreDemo.csproj", "{B7552015-BA90-471F-AB2A-B1F27EAD3FD1}"
EndProject
Global
	GlobalSection(SolutionConfigurationPlatforms) = preSolution
		Debug|Any CPU = Debug|Any CPU
		Release|Any CPU = Release|Any CPU
	EndGlobalSection
	GlobalSection(ProjectConfigurationPlatforms) = postSolution
		{B7552015-BA90-471F-AB2A-B1F27EAD3FD1}.Debug|Any CPU.ActiveCfg = Debug|Any CPU
		{B7552015-BA90-471F-AB2A-B1F27EAD3FD1}.Debug|Any CPU.Build.0 = Debug|Any CPU
		{B7552015-BA90-471F-AB2A-B1F27EAD3FD1}.Release|Any CPU.ActiveCfg = Release|Any CPU
		{B7552015-BA90-471F-AB2A-B1F27EAD3FD1}.Release|Any CPU.Build.0 = Release|Any CPU
	EndGlobalSection
	GlobalSection(SolutionProperties) = preSolution
		HideSolutionNode = FALSE
	EndGlobalSection
	GlobalSection(ExtensibilityGlobals) = postSolution
		SolutionGuid = {5ED9202B-8633-49B7-B873-D614B3E2AAED}
	EndGlobalSection
EndGlobal
