
Microsoft Visual Studio Solution File, Format Version 12.00
# Visual Studio Version 16
VisualStudioVersion = 16.0.32002.261
MinimumVisualStudioVersion = 10.0.40219.1
Project("{9A19103F-16F7-4668-BE54-9A1E7A4F7556}") = "1.Singleton", "1.Singleton.csproj", "{DB50688E-2153-4ABA-B9DE-710B3B9114A4}"
EndProject
Project("{9A19103F-16F7-4668-BE54-9A1E7A4F7556}") = "2.Facade", "..\2.Facade\2.Facade.csproj", "{448AAE33-54E1-41A4-BDA1-1880BD40C2C6}"
EndProject
Project("{9A19103F-16F7-4668-BE54-9A1E7A4F7556}") = "3.Command", "..\3.Command\3.Command.csproj", "{9CBB2EC3-2F09-4C6E-8C1C-5C1598045A17}"
EndProject
Global
	GlobalSection(SolutionConfigurationPlatforms) = preSolution
		Debug|Any CPU = Debug|Any CPU
		Release|Any CPU = Release|Any CPU
	EndGlobalSection
	GlobalSection(ProjectConfigurationPlatforms) = postSolution
		{DB50688E-2153-4ABA-B9DE-710B3B9114A4}.Debug|Any CPU.ActiveCfg = Debug|Any CPU
		{DB50688E-2153-4ABA-B9DE-710B3B9114A4}.Debug|Any CPU.Build.0 = Debug|Any CPU
		{DB50688E-2153-4ABA-B9DE-710B3B9114A4}.Release|Any CPU.ActiveCfg = Release|Any CPU
		{DB50688E-2153-4ABA-B9DE-710B3B9114A4}.Release|Any CPU.Build.0 = Release|Any CPU
		{448AAE33-54E1-41A4-BDA1-1880BD40C2C6}.Debug|Any CPU.ActiveCfg = Debug|Any CPU
		{448AAE33-54E1-41A4-BDA1-1880BD40C2C6}.Debug|Any CPU.Build.0 = Debug|Any CPU
		{448AAE33-54E1-41A4-BDA1-1880BD40C2C6}.Release|Any CPU.ActiveCfg = Release|Any CPU
		{448AAE33-54E1-41A4-BDA1-1880BD40C2C6}.Release|Any CPU.Build.0 = Release|Any CPU
		{9CBB2EC3-2F09-4C6E-8C1C-5C1598045A17}.Debug|Any CPU.ActiveCfg = Debug|Any CPU
		{9CBB2EC3-2F09-4C6E-8C1C-5C1598045A17}.Debug|Any CPU.Build.0 = Debug|Any CPU
		{9CBB2EC3-2F09-4C6E-8C1C-5C1598045A17}.Release|Any CPU.ActiveCfg = Release|Any CPU
		{9CBB2EC3-2F09-4C6E-8C1C-5C1598045A17}.Release|Any CPU.Build.0 = Release|Any CPU
	EndGlobalSection
	GlobalSection(SolutionProperties) = preSolution
		HideSolutionNode = FALSE
	EndGlobalSection
	GlobalSection(ExtensibilityGlobals) = postSolution
		SolutionGuid = {C1038971-00F5-4A19-A30B-C934F2E513EF}
	EndGlobalSection
EndGlobal
